
Microsoft Visual Studio Solution File, Format Version 12.00
# Visual Studio 15
VisualStudioVersion = 15.0.28307.329
MinimumVisualStudioVersion = 10.0.40219.1
Project("{FAE04EC0-301F-11D3-BF4B-00C04F79EFBC}") = "Company.Android", "Company\Company.Android\Company.Android.csproj", "{24CE3C36-16B9-426D-AA0C-5961ECF8D88C}"
EndProject
Project("{FAE04EC0-301F-11D3-BF4B-00C04F79EFBC}") = "Company.iOS", "Company\Company.iOS\Company.iOS.csproj", "{7D8D89C4-0822-49BE-B849-4E5C10E05F22}"
EndProject
Project("{9A19103F-16F7-4668-BE54-9A1E7A4F7556}") = "Company", "Company\Company\Company.csproj", "{D080688C-A40C-4EC8-B318-6F1F895FCFB0}"
EndProject
Global
	GlobalSection(SolutionConfigurationPlatforms) = preSolution
		Debug|Any CPU = Debug|Any CPU
		Debug|iPhone = Debug|iPhone
		Debug|iPhoneSimulator = Debug|iPhoneSimulator
		Release|Any CPU = Release|Any CPU
		Release|iPhone = Release|iPhone
		Release|iPhoneSimulator = Release|iPhoneSimulator
	EndGlobalSection
	GlobalSection(ProjectConfigurationPlatforms) = postSolution
		{24CE3C36-16B9-426D-AA0C-5961ECF8D88C}.Debug|Any CPU.ActiveCfg = Debug|Any CPU
		{24CE3C36-16B9-426D-AA0C-5961ECF8D88C}.Debug|Any CPU.Build.0 = Debug|Any CPU
		{24CE3C36-16B9-426D-AA0C-5961ECF8D88C}.Debug|Any CPU.Deploy.0 = Debug|Any CPU
		{24CE3C36-16B9-426D-AA0C-5961ECF8D88C}.Debug|iPhone.ActiveCfg = Debug|Any CPU
		{24CE3C36-16B9-426D-AA0C-5961ECF8D88C}.Debug|iPhone.Build.0 = Debug|Any CPU
		{24CE3C36-16B9-426D-AA0C-5961ECF8D88C}.Debug|iPhone.Deploy.0 = Debug|Any CPU
		{24CE3C36-16B9-426D-AA0C-5961ECF8D88C}.Debug|iPhoneSimulator.ActiveCfg = Debug|Any CPU
		{24CE3C36-16B9-426D-AA0C-5961ECF8D88C}.Debug|iPhoneSimulator.Build.0 = Debug|Any CPU
		{24CE3C36-16B9-426D-AA0C-5961ECF8D88C}.Debug|iPhoneSimulator.Deploy.0 = Debug|Any CPU
		{24CE3C36-16B9-426D-AA0C-5961ECF8D88C}.Release|Any CPU.ActiveCfg = Release|Any CPU
		{24CE3C36-16B9-426D-AA0C-5961ECF8D88C}.Release|Any CPU.Build.0 = Release|Any CPU
		{24CE3C36-16B9-426D-AA0C-5961ECF8D88C}.Release|Any CPU.Deploy.0 = Release|Any CPU
		{24CE3C36-16B9-426D-AA0C-5961ECF8D88C}.Release|iPhone.ActiveCfg = Release|Any CPU
		{24CE3C36-16B9-426D-AA0C-5961ECF8D88C}.Release|iPhone.Build.0 = Release|Any CPU
		{24CE3C36-16B9-426D-AA0C-5961ECF8D88C}.Release|iPhone.Deploy.0 = Release|Any CPU
		{24CE3C36-16B9-426D-AA0C-5961ECF8D88C}.Release|iPhoneSimulator.ActiveCfg = Release|Any CPU
		{24CE3C36-16B9-426D-AA0C-5961ECF8D88C}.Release|iPhoneSimulator.Build.0 = Release|Any CPU
		{24CE3C36-16B9-426D-AA0C-5961ECF8D88C}.Release|iPhoneSimulator.Deploy.0 = Release|Any CPU
		{7D8D89C4-0822-49BE-B849-4E5C10E05F22}.Debug|Any CPU.ActiveCfg = Debug|iPhoneSimulator
		{7D8D89C4-0822-49BE-B849-4E5C10E05F22}.Debug|Any CPU.Deploy.0 = Debug|iPhoneSimulator
		{7D8D89C4-0822-49BE-B849-4E5C10E05F22}.Debug|iPhone.ActiveCfg = Debug|iPhone
		{7D8D89C4-0822-49BE-B849-4E5C10E05F22}.Debug|iPhone.Build.0 = Debug|iPhone
		{7D8D89C4-0822-49BE-B849-4E5C10E05F22}.Debug|iPhone.Deploy.0 = Debug|iPhone
		{7D8D89C4-0822-49BE-B849-4E5C10E05F22}.Debug|iPhoneSimulator.ActiveCfg = Debug|iPhoneSimulator
		{7D8D89C4-0822-49BE-B849-4E5C10E05F22}.Debug|iPhoneSimulator.Build.0 = Debug|iPhoneSimulator
		{7D8D89C4-0822-49BE-B849-4E5C10E05F22}.Debug|iPhoneSimulator.Deploy.0 = Debug|iPhoneSimulator
		{7D8D89C4-0822-49BE-B849-4E5C10E05F22}.Release|Any CPU.ActiveCfg = Release|iPhone
		{7D8D89C4-0822-49BE-B849-4E5C10E05F22}.Release|Any CPU.Deploy.0 = Release|iPhone
		{7D8D89C4-0822-49BE-B849-4E5C10E05F22}.Release|iPhone.ActiveCfg = Release|iPhone
		{7D8D89C4-0822-49BE-B849-4E5C10E05F22}.Release|iPhone.Build.0 = Release|iPhone
		{7D8D89C4-0822-49BE-B849-4E5C10E05F22}.Release|iPhone.Deploy.0 = Release|iPhone
		{7D8D89C4-0822-49BE-B849-4E5C10E05F22}.Release|iPhoneSimulator.ActiveCfg = Release|iPhoneSimulator
		{7D8D89C4-0822-49BE-B849-4E5C10E05F22}.Release|iPhoneSimulator.Build.0 = Release|iPhoneSimulator
		{7D8D89C4-0822-49BE-B849-4E5C10E05F22}.Release|iPhoneSimulator.Deploy.0 = Release|iPhoneSimulator
		{D080688C-A40C-4EC8-B318-6F1F895FCFB0}.Debug|Any CPU.ActiveCfg = Debug|Any CPU
		{D080688C-A40C-4EC8-B318-6F1F895FCFB0}.Debug|Any CPU.Build.0 = Debug|Any CPU
		{D080688C-A40C-4EC8-B318-6F1F895FCFB0}.Debug|Any CPU.Deploy.0 = Debug|Any CPU
		{D080688C-A40C-4EC8-B318-6F1F895FCFB0}.Debug|iPhone.ActiveCfg = Debug|Any CPU
		{D080688C-A40C-4EC8-B318-6F1F895FCFB0}.Debug|iPhone.Build.0 = Debug|Any CPU
		{D080688C-A40C-4EC8-B318-6F1F895FCFB0}.Debug|iPhone.Deploy.0 = Debug|Any CPU
		{D080688C-A40C-4EC8-B318-6F1F895FCFB0}.Debug|iPhoneSimulator.ActiveCfg = Debug|Any CPU
		{D080688C-A40C-4EC8-B318-6F1F895FCFB0}.Debug|iPhoneSimulator.Build.0 = Debug|Any CPU
		{D080688C-A40C-4EC8-B318-6F1F895FCFB0}.Debug|iPhoneSimulator.Deploy.0 = Debug|Any CPU
		{D080688C-A40C-4EC8-B318-6F1F895FCFB0}.Release|Any CPU.ActiveCfg = Release|Any CPU
		{D080688C-A40C-4EC8-B318-6F1F895FCFB0}.Release|Any CPU.Build.0 = Release|Any CPU
		{D080688C-A40C-4EC8-B318-6F1F895FCFB0}.Release|Any CPU.Deploy.0 = Release|Any CPU
		{D080688C-A40C-4EC8-B318-6F1F895FCFB0}.Release|iPhone.ActiveCfg = Release|Any CPU
		{D080688C-A40C-4EC8-B318-6F1F895FCFB0}.Release|iPhone.Build.0 = Release|Any CPU
		{D080688C-A40C-4EC8-B318-6F1F895FCFB0}.Release|iPhone.Deploy.0 = Release|Any CPU
		{D080688C-A40C-4EC8-B318-6F1F895FCFB0}.Release|iPhoneSimulator.ActiveCfg = Release|Any CPU
		{D080688C-A40C-4EC8-B318-6F1F895FCFB0}.Release|iPhoneSimulator.Build.0 = Release|Any CPU
		{D080688C-A40C-4EC8-B318-6F1F895FCFB0}.Release|iPhoneSimulator.Deploy.0 = Release|Any CPU
	EndGlobalSection
	GlobalSection(SolutionProperties) = preSolution
		HideSolutionNode = FALSE
	EndGlobalSection
	GlobalSection(ExtensibilityGlobals) = postSolution
		SolutionGuid = {AFA884F6-5834-4FE6-8CA2-6F2CA440A4C6}
	EndGlobalSection
EndGlobal
